
Microsoft Visual Studio Solution File, Format Version 12.00
# Visual Studio 15
VisualStudioVersion = 15.0.28307.168
MinimumVisualStudioVersion = 10.0.40219.1
Project("{FAE04EC0-301F-11D3-BF4B-00C04F79EFBC}") = "CarFactory", "CarFactory\CarFactory.csproj", "{96149C8F-1682-4FEF-A442-D092413E9CCD}"
EndProject
Global
	GlobalSection(SolutionConfigurationPlatforms) = preSolution
		Debug|Any CPU = Debug|Any CPU
		Release|Any CPU = Release|Any CPU
	EndGlobalSection
	GlobalSection(ProjectConfigurationPlatforms) = postSolution
		{96149C8F-1682-4FEF-A442-D092413E9CCD}.Debug|Any CPU.ActiveCfg = Debug|Any CPU
		{96149C8F-1682-4FEF-A442-D092413E9CCD}.Debug|Any CPU.Build.0 = Debug|Any CPU
		{96149C8F-1682-4FEF-A442-D092413E9CCD}.Release|Any CPU.ActiveCfg = Release|Any CPU
		{96149C8F-1682-4FEF-A442-D092413E9CCD}.Release|Any CPU.Build.0 = Release|Any CPU
	EndGlobalSection
	GlobalSection(SolutionProperties) = preSolution
		HideSolutionNode = FALSE
	EndGlobalSection
	GlobalSection(ExtensibilityGlobals) = postSolution
		SolutionGuid = {F725E238-13C8-43AA-AB54-C94D41E56B21}
	EndGlobalSection
EndGlobal
